
Microsoft Visual Studio Solution File, Format Version 12.00
# Visual Studio 15
VisualStudioVersion = 15.0.27130.2027
MinimumVisualStudioVersion = 10.0.40219.1
Project("{FAE04EC0-301F-11D3-BF4B-00C04F79EFBC}") = "Cuentas", "Cuentas\Cuentas.csproj", "{F38C0F45-E6AE-4101-9C58-BE8501FABAC9}"
EndProject
Global
	GlobalSection(SolutionConfigurationPlatforms) = preSolution
		Debug|Any CPU = Debug|Any CPU
		Release|Any CPU = Release|Any CPU
	EndGlobalSection
	GlobalSection(ProjectConfigurationPlatforms) = postSolution
		{F38C0F45-E6AE-4101-9C58-BE8501FABAC9}.Debug|Any CPU.ActiveCfg = Debug|Any CPU
		{F38C0F45-E6AE-4101-9C58-BE8501FABAC9}.Debug|Any CPU.Build.0 = Debug|Any CPU
		{F38C0F45-E6AE-4101-9C58-BE8501FABAC9}.Release|Any CPU.ActiveCfg = Release|Any CPU
		{F38C0F45-E6AE-4101-9C58-BE8501FABAC9}.Release|Any CPU.Build.0 = Release|Any CPU
	EndGlobalSection
	GlobalSection(SolutionProperties) = preSolution
		HideSolutionNode = FALSE
	EndGlobalSection
	GlobalSection(ExtensibilityGlobals) = postSolution
		SolutionGuid = {7414ABAA-6AE7-4217-BABB-2E7AAC844C65}
	EndGlobalSection
EndGlobal
